
Microsoft Visual Studio Solution File, Format Version 12.00
# Visual Studio Version 16
VisualStudioVersion = 16.0.28711.60
MinimumVisualStudioVersion = 10.0.40219.1
Project("{2150E333-8FDC-42A3-9474-1A3956D46DE8}") = "1.InsertSort", "1.InsertSort", "{09984FF7-5C52-4C0F-A092-097A195A3CE7}"
EndProject
Project("{2150E333-8FDC-42A3-9474-1A3956D46DE8}") = "2.SelectSort", "2.SelectSort", "{5C3F97D3-1102-47A4-9A09-5CD38AA03A5D}"
EndProject
Project("{2150E333-8FDC-42A3-9474-1A3956D46DE8}") = "3.ExchangeSort", "3.ExchangeSort", "{BF3DA083-54EF-406F-AB13-20A7006BC543}"
EndProject
Project("{2150E333-8FDC-42A3-9474-1A3956D46DE8}") = "4.MergeSort", "4.MergeSort", "{14EE2F15-6F2F-457B-A8A9-BFA7D9675BF3}"
EndProject
Project("{2150E333-8FDC-42A3-9474-1A3956D46DE8}") = "5.RadixSort", "5.RadixSort", "{1A3E08DC-B8F4-49BC-B594-487569137A83}"
EndProject
Project("{FAE04EC0-301F-11D3-BF4B-00C04F79EFBC}") = "DirectInsertSort", "1.InsertSort\DirectInsertSort\DirectInsertSort.csproj", "{9758EA0E-7785-4DB2-BA37-96DDF83781AD}"
EndProject
Project("{FAE04EC0-301F-11D3-BF4B-00C04F79EFBC}") = "BinaryInsertSort", "1.InsertSort\BinaryInsertSort\BinaryInsertSort.csproj", "{6AE4C05B-F560-43BB-AF14-6B9CAB0EFCFD}"
EndProject
Project("{FAE04EC0-301F-11D3-BF4B-00C04F79EFBC}") = "ShellSort", "1.InsertSort\ShellSort\ShellSort.csproj", "{8D12F683-21BC-4361-AF3B-DB109932B663}"
EndProject
Project("{FAE04EC0-301F-11D3-BF4B-00C04F79EFBC}") = "SimpleSelectSort", "2.SelectSort\SimpleSelectSort\SimpleSelectSort.csproj", "{ECB52DF1-2B1A-47DF-AF76-4D6B1E872FC8}"
EndProject
Project("{FAE04EC0-301F-11D3-BF4B-00C04F79EFBC}") = "HeapSort", "2.SelectSort\HeapSort\HeapSort.csproj", "{B9BBA5CB-A85E-49C8-972C-13E428171151}"
EndProject
Project("{FAE04EC0-301F-11D3-BF4B-00C04F79EFBC}") = "BubbleSort", "3.ExchangeSort\BubbleSort\BubbleSort.csproj", "{C7AE1207-FB91-4239-A263-AE76DF95D7B8}"
EndProject
Project("{FAE04EC0-301F-11D3-BF4B-00C04F79EFBC}") = "QuickSort", "3.ExchangeSort\QuickSort\QuickSort.csproj", "{985107DB-7688-4963-9B3B-8285E9F58A72}"
EndProject
Project("{FAE04EC0-301F-11D3-BF4B-00C04F79EFBC}") = "MergeSort", "4.MergeSort\MergeSort\MergeSort.csproj", "{78A0D4DD-BDC0-4659-8D49-2FE1F0212F1A}"
EndProject
Project("{FAE04EC0-301F-11D3-BF4B-00C04F79EFBC}") = "RadixSort", "5.RadixSort\RadixSort\RadixSort.csproj", "{332E363B-BE69-43C9-8FB7-F239F3DB734F}"
EndProject
Global
	GlobalSection(SolutionConfigurationPlatforms) = preSolution
		Debug|Any CPU = Debug|Any CPU
		Release|Any CPU = Release|Any CPU
	EndGlobalSection
	GlobalSection(ProjectConfigurationPlatforms) = postSolution
		{9758EA0E-7785-4DB2-BA37-96DDF83781AD}.Debug|Any CPU.ActiveCfg = Debug|Any CPU
		{9758EA0E-7785-4DB2-BA37-96DDF83781AD}.Debug|Any CPU.Build.0 = Debug|Any CPU
		{9758EA0E-7785-4DB2-BA37-96DDF83781AD}.Release|Any CPU.ActiveCfg = Release|Any CPU
		{9758EA0E-7785-4DB2-BA37-96DDF83781AD}.Release|Any CPU.Build.0 = Release|Any CPU
		{6AE4C05B-F560-43BB-AF14-6B9CAB0EFCFD}.Debug|Any CPU.ActiveCfg = Debug|Any CPU
		{6AE4C05B-F560-43BB-AF14-6B9CAB0EFCFD}.Debug|Any CPU.Build.0 = Debug|Any CPU
		{6AE4C05B-F560-43BB-AF14-6B9CAB0EFCFD}.Release|Any CPU.ActiveCfg = Release|Any CPU
		{6AE4C05B-F560-43BB-AF14-6B9CAB0EFCFD}.Release|Any CPU.Build.0 = Release|Any CPU
		{8D12F683-21BC-4361-AF3B-DB109932B663}.Debug|Any CPU.ActiveCfg = Debug|Any CPU
		{8D12F683-21BC-4361-AF3B-DB109932B663}.Debug|Any CPU.Build.0 = Debug|Any CPU
		{8D12F683-21BC-4361-AF3B-DB109932B663}.Release|Any CPU.ActiveCfg = Release|Any CPU
		{8D12F683-21BC-4361-AF3B-DB109932B663}.Release|Any CPU.Build.0 = Release|Any CPU
		{ECB52DF1-2B1A-47DF-AF76-4D6B1E872FC8}.Debug|Any CPU.ActiveCfg = Debug|Any CPU
		{ECB52DF1-2B1A-47DF-AF76-4D6B1E872FC8}.Debug|Any CPU.Build.0 = Debug|Any CPU
		{ECB52DF1-2B1A-47DF-AF76-4D6B1E872FC8}.Release|Any CPU.ActiveCfg = Release|Any CPU
		{ECB52DF1-2B1A-47DF-AF76-4D6B1E872FC8}.Release|Any CPU.Build.0 = Release|Any CPU
		{B9BBA5CB-A85E-49C8-972C-13E428171151}.Debug|Any CPU.ActiveCfg = Debug|Any CPU
		{B9BBA5CB-A85E-49C8-972C-13E428171151}.Debug|Any CPU.Build.0 = Debug|Any CPU
		{B9BBA5CB-A85E-49C8-972C-13E428171151}.Release|Any CPU.ActiveCfg = Release|Any CPU
		{B9BBA5CB-A85E-49C8-972C-13E428171151}.Release|Any CPU.Build.0 = Release|Any CPU
		{C7AE1207-FB91-4239-A263-AE76DF95D7B8}.Debug|Any CPU.ActiveCfg = Debug|Any CPU
		{C7AE1207-FB91-4239-A263-AE76DF95D7B8}.Debug|Any CPU.Build.0 = Debug|Any CPU
		{C7AE1207-FB91-4239-A263-AE76DF95D7B8}.Release|Any CPU.ActiveCfg = Release|Any CPU
		{C7AE1207-FB91-4239-A263-AE76DF95D7B8}.Release|Any CPU.Build.0 = Release|Any CPU
		{985107DB-7688-4963-9B3B-8285E9F58A72}.Debug|Any CPU.ActiveCfg = Debug|Any CPU
		{985107DB-7688-4963-9B3B-8285E9F58A72}.Debug|Any CPU.Build.0 = Debug|Any CPU
		{985107DB-7688-4963-9B3B-8285E9F58A72}.Release|Any CPU.ActiveCfg = Release|Any CPU
		{985107DB-7688-4963-9B3B-8285E9F58A72}.Release|Any CPU.Build.0 = Release|Any CPU
		{78A0D4DD-BDC0-4659-8D49-2FE1F0212F1A}.Debug|Any CPU.ActiveCfg = Debug|Any CPU
		{78A0D4DD-BDC0-4659-8D49-2FE1F0212F1A}.Debug|Any CPU.Build.0 = Debug|Any CPU
		{78A0D4DD-BDC0-4659-8D49-2FE1F0212F1A}.Release|Any CPU.ActiveCfg = Release|Any CPU
		{78A0D4DD-BDC0-4659-8D49-2FE1F0212F1A}.Release|Any CPU.Build.0 = Release|Any CPU
		{332E363B-BE69-43C9-8FB7-F239F3DB734F}.Debug|Any CPU.ActiveCfg = Debug|Any CPU
		{332E363B-BE69-43C9-8FB7-F239F3DB734F}.Debug|Any CPU.Build.0 = Debug|Any CPU
		{332E363B-BE69-43C9-8FB7-F239F3DB734F}.Release|Any CPU.ActiveCfg = Release|Any CPU
		{332E363B-BE69-43C9-8FB7-F239F3DB734F}.Release|Any CPU.Build.0 = Release|Any CPU
	EndGlobalSection
	GlobalSection(SolutionProperties) = preSolution
		HideSolutionNode = FALSE
	EndGlobalSection
	GlobalSection(NestedProjects) = preSolution
		{9758EA0E-7785-4DB2-BA37-96DDF83781AD} = {09984FF7-5C52-4C0F-A092-097A195A3CE7}
		{6AE4C05B-F560-43BB-AF14-6B9CAB0EFCFD} = {09984FF7-5C52-4C0F-A092-097A195A3CE7}
		{8D12F683-21BC-4361-AF3B-DB109932B663} = {09984FF7-5C52-4C0F-A092-097A195A3CE7}
		{ECB52DF1-2B1A-47DF-AF76-4D6B1E872FC8} = {5C3F97D3-1102-47A4-9A09-5CD38AA03A5D}
		{B9BBA5CB-A85E-49C8-972C-13E428171151} = {5C3F97D3-1102-47A4-9A09-5CD38AA03A5D}
		{C7AE1207-FB91-4239-A263-AE76DF95D7B8} = {BF3DA083-54EF-406F-AB13-20A7006BC543}
		{985107DB-7688-4963-9B3B-8285E9F58A72} = {BF3DA083-54EF-406F-AB13-20A7006BC543}
		{78A0D4DD-BDC0-4659-8D49-2FE1F0212F1A} = {14EE2F15-6F2F-457B-A8A9-BFA7D9675BF3}
		{332E363B-BE69-43C9-8FB7-F239F3DB734F} = {1A3E08DC-B8F4-49BC-B594-487569137A83}
	EndGlobalSection
	GlobalSection(ExtensibilityGlobals) = postSolution
		SolutionGuid = {C12B354D-E4F3-40BF-901D-0D6463336B27}
	EndGlobalSection
EndGlobal
